
Microsoft Visual Studio Solution File, Format Version 12.00
# Visual Studio Version 16
VisualStudioVersion = 16.0.30711.63
MinimumVisualStudioVersion = 10.0.40219.1
Project("{FAE04EC0-301F-11D3-BF4B-00C04F79EFBC}") = "ASPNETCoreHW1", "ASPNETCoreHW1\ASPNETCoreHW1.csproj", "{418F6C47-26BF-4350-A6FA-56B7530E37D7}"
EndProject
Global
	GlobalSection(SolutionConfigurationPlatforms) = preSolution
		Debug|Any CPU = Debug|Any CPU
		Release|Any CPU = Release|Any CPU
	EndGlobalSection
	GlobalSection(ProjectConfigurationPlatforms) = postSolution
		{418F6C47-26BF-4350-A6FA-56B7530E37D7}.Debug|Any CPU.ActiveCfg = Debug|Any CPU
		{418F6C47-26BF-4350-A6FA-56B7530E37D7}.Debug|Any CPU.Build.0 = Debug|Any CPU
		{418F6C47-26BF-4350-A6FA-56B7530E37D7}.Release|Any CPU.ActiveCfg = Release|Any CPU
		{418F6C47-26BF-4350-A6FA-56B7530E37D7}.Release|Any CPU.Build.0 = Release|Any CPU
	EndGlobalSection
	GlobalSection(SolutionProperties) = preSolution
		HideSolutionNode = FALSE
	EndGlobalSection
	GlobalSection(ExtensibilityGlobals) = postSolution
		SolutionGuid = {8CA6DD94-438C-4A84-A15B-15A0E0377EC7}
	EndGlobalSection
EndGlobal
